{
  "name": "open-research-protocol",
  "version": "0.4.18",
  "lockfileVersion": 3,
  "requires": true,
  "packages": {
    "": {
      "name": "open-research-protocol",
      "version": "0.4.18",
      "hasInstallScript": true,
      "license": "MIT",
      "dependencies": {
        "breakthroughs": "^0.1.1"
      },
      "bin": {
        "orp": "bin/orp.js"
      },
      "engines": {
        "node": ">=18"
      }
    },
    "node_modules/breakthroughs": {
      "version": "0.1.1",
      "resolved": "https://registry.npmjs.org/breakthroughs/-/breakthroughs-0.1.1.tgz",
      "integrity": "sha512-DSlaj3yeIteEIca4A2Pn98fbg0SRrfM407bq43lDcxexFb7+k8l5xWR5lXTiBUsPGL7AEueyN1ly4EGY+7RD0A==",
      "license": "MIT",
      "engines": {
        "node": ">=18"
      }
    }
  }
}
